
Microsoft Visual Studio Solution File, Format Version 12.00
# Visual Studio 15
VisualStudioVersion = 15.0.27130.2036
MinimumVisualStudioVersion = 10.0.40219.1
Project("{FAE04EC0-301F-11D3-BF4B-00C04F79EFBC}") = "Xigadee.Azure", "Xigadee.Azure\Xigadee.Azure.csproj", "{069F5121-BC8E-4F1F-B08C-BA3F4806DB78}"
EndProject
Project("{9A19103F-16F7-4668-BE54-9A1E7A4F7556}") = "Xigadee.Console", "Xigadee.Console\Xigadee.Console.csproj", "{AF748540-D35C-409A-AD23-D990CF19DED9}"
EndProject
Project("{9A19103F-16F7-4668-BE54-9A1E7A4F7556}") = "Xigadee.Api", "Xigadee.Api\Xigadee.Api.csproj", "{9680B7A6-F4B7-4ECB-BBB4-D46941B9CFED}"
EndProject
Project("{9A19103F-16F7-4668-BE54-9A1E7A4F7556}") = "Xigadee.Api.Client", "Xigadee.Api.Client\Xigadee.Api.Client.csproj", "{19F45B9B-5C21-4EC3-AE73-84001EBCCC4B}"
EndProject
Project("{FAE04EC0-301F-11D3-BF4B-00C04F79EFBC}") = "Xigadee.Api.Server", "Xigadee.Api.Server\Xigadee.Api.Server.csproj", "{C39CD117-3863-4E8C-9BD0-043E5F1FB67C}"
EndProject
Project("{2150E333-8FDC-42A3-9474-1A3956D46DE8}") = "Test", "Test", "{B8CB3AD9-A9AD-4344-B0BF-905A8AFED071}"
EndProject
Project("{FAE04EC0-301F-11D3-BF4B-00C04F79EFBC}") = "Xigadee.Framework", "Xigadee.Framework\Xigadee.Framework.csproj", "{AF9B61BA-6A9C-4BD3-A87A-FB513188F21F}"
EndProject
Project("{2150E333-8FDC-42A3-9474-1A3956D46DE8}") = "Scripts", "Scripts", "{35D469E5-1A0F-42E7-A51C-3B9A966CEF1E}"
	ProjectSection(SolutionItems) = preProject
		AssemblyInfo\UpdateVersion.ps1 = AssemblyInfo\UpdateVersion.ps1
	EndProjectSection
EndProject
Project("{FAE04EC0-301F-11D3-BF4B-00C04F79EFBC}") = "Xigadee.Api.Server.Unity", "Xigadee.Api.Server.Unity\Xigadee.Api.Server.Unity.csproj", "{636956F9-6CCE-4F3E-BE57-5A851C089243}"
EndProject
Project("{2150E333-8FDC-42A3-9474-1A3956D46DE8}") = "Datapump", "Datapump", "{8A962CE2-CA28-441A-B6BE-F688E62A6AF8}"
EndProject
Project("{00D1A9C2-B5F0-4AF3-8072-F6C62B433612}") = "Xigadee.Datapump.Sql", "Xigadee.Datapump.Sql\Xigadee.Datapump.Sql.sqlproj", "{C66F3869-118D-4962-A904-4359E396AEB7}"
EndProject
Project("{2150E333-8FDC-42A3-9474-1A3956D46DE8}") = "Documentation", "Documentation", "{DCA58A2C-4AC0-4978-944C-DC8ABB50DC42}"
	ProjectSection(SolutionItems) = preProject
		..\README.md = ..\README.md
		..\docs\whatsnew.md = ..\docs\whatsnew.md
	EndProjectSection
EndProject
Project("{FAE04EC0-301F-11D3-BF4B-00C04F79EFBC}") = "Test.Xigadee", "Test\Test.Xigadee\Test.Xigadee.csproj", "{C523008A-BAF6-418D-8822-48E0820A427D}"
EndProject
Project("{FAE04EC0-301F-11D3-BF4B-00C04F79EFBC}") = "Test.Xigadee.Api", "Test\Test.Xigadee.Api\Test.Xigadee.Api.csproj", "{D10589C2-5487-4860-A756-292946D5AE9B}"
EndProject
Project("{FAE04EC0-301F-11D3-BF4B-00C04F79EFBC}") = "Test.Xigadee.Api.Server", "Test\Test.Xigadee.Api.Server\Test.Xigadee.Api.Server.csproj", "{3C7D695D-4111-499E-9764-6B9E6EC93952}"
EndProject
Project("{FAE04EC0-301F-11D3-BF4B-00C04F79EFBC}") = "Test.Xigadee.Azure.Console", "Test\Test.Xigadee.Azure.Console\Test.Xigadee.Azure.Console.csproj", "{9CA85091-9308-44B5-A99E-EF6E579C286B}"
EndProject
Project("{FAE04EC0-301F-11D3-BF4B-00C04F79EFBC}") = "Test.Xigadee.DebugConsole", "Test\Test.Xigadee.DebugConsole\Test.Xigadee.DebugConsole.csproj", "{F81F3402-897C-40AE-832C-7EF1000D2595}"
EndProject
Project("{FAE04EC0-301F-11D3-BF4B-00C04F79EFBC}") = "Test.Xigadee.Pipeline", "Test\Test.Xigadee.Pipeline\Test.Xigadee.Pipeline.csproj", "{24A970DC-3FB0-4541-9ADB-175F04D64B53}"
EndProject
Project("{FAE04EC0-301F-11D3-BF4B-00C04F79EFBC}") = "Test.Xigadee.Shared", "Test\Test.Xigadee.Shared\Test.Xigadee.Shared.csproj", "{6AA8F0E5-AB72-4DF5-BD02-A23FBD8FDB83}"
EndProject
Project("{FAE04EC0-301F-11D3-BF4B-00C04F79EFBC}") = "Xigadee.VisualStudio", "Xigadee.VisualStudio\Xigadee.VisualStudio.csproj", "{56C95EF0-627C-4C78-B516-B856A83FB4D4}"
EndProject
Project("{2150E333-8FDC-42A3-9474-1A3956D46DE8}") = "Solution Items", "Solution Items", "{48C1769B-762A-4A0A-BF62-21F4EB869AEE}"
	ProjectSection(SolutionItems) = preProject
		README.md = README.md
	EndProjectSection
EndProject
Project("{2150E333-8FDC-42A3-9474-1A3956D46DE8}") = "Samples", "Samples", "{147BDD3C-B68D-4D13-912C-240F23DD1C91}"
EndProject
Project("{9A19103F-16F7-4668-BE54-9A1E7A4F7556}") = "Test.Xigadee.Helper", "Test.Xigadee.Helper\Test.Xigadee.Helper.csproj", "{1ADF4FE0-B46C-4BBF-9C23-9CE6F4DF2DA3}"
EndProject
Project("{9A19103F-16F7-4668-BE54-9A1E7A4F7556}") = "Xigadee", "Xigadee.Platform\Xigadee.csproj", "{862141C9-C3EF-4BE4-B324-0943F8D6DA53}"
EndProject
Project("{FAE04EC0-301F-11D3-BF4B-00C04F79EFBC}") = "Test.Xigadee.Sample.HiC", "Test.Xigadee.Sample.HiC\Test.Xigadee.Sample.HiC.csproj", "{91381A5F-26CB-4E03-9A76-938932649F4A}"
EndProject
Project("{FAE04EC0-301F-11D3-BF4B-00C04F79EFBC}") = "Xigadee.SpreadLedger", "Xigadee.Sample.HiC\Xigadee.SpreadLedger.csproj", "{0916DF44-F8DC-47B7-ABC7-A429DB2786FC}"
EndProject
Project("{9A19103F-16F7-4668-BE54-9A1E7A4F7556}") = "Xigadee.Azure.Storage", "Xigadee.Azure.Storage\Xigadee.Azure.Storage.csproj", "{8A7FDF26-E895-4E32-ABB4-34FBEEA820C7}"
EndProject
Project("{9A19103F-16F7-4668-BE54-9A1E7A4F7556}") = "Xigadee.Azure.ServiceBus", "Xigadee.Azure.ServiceBus\Xigadee.Azure.ServiceBus.csproj", "{8D441A60-9272-4707-984C-94BFC3A3567D}"
EndProject
Project("{9A19103F-16F7-4668-BE54-9A1E7A4F7556}") = "Xigadee.Azure.EventHubs", "Xigadee.Azure.EventHubs\Xigadee.Azure.EventHubs.csproj", "{ED2B90BD-2CA0-4721-ABCF-757C76ABDDAD}"
EndProject
Project("{9A19103F-16F7-4668-BE54-9A1E7A4F7556}") = "Xigadee.Azure.DocumentDB", "Xigadee.Azure.DocumentDB\Xigadee.Azure.DocumentDB.csproj", "{B9D32889-E123-4437-A6D4-4038619AFDDF}"
EndProject
Project("{9A19103F-16F7-4668-BE54-9A1E7A4F7556}") = "Xigadee.Azure.ApplicationInsights", "Xigadee.Azure.ApplicationInsights\Xigadee.Azure.ApplicationInsights.csproj", "{8DD223AE-7EB5-4815-87FA-35916500D8F4}"
EndProject
Project("{9A19103F-16F7-4668-BE54-9A1E7A4F7556}") = "Xigadee.Azure.KeyVault", "Xigadee.Azure.KeyVault\Xigadee.Azure.KeyVault.csproj", "{91F496D4-F6B1-4435-9855-E00AF751A150}"
EndProject
Project("{9A19103F-16F7-4668-BE54-9A1E7A4F7556}") = "Xigadee.Azure.Redis", "Xigadee.Azure.Redis\Xigadee.Azure.Redis.csproj", "{B8BE19A1-3544-42F9-BFCD-906024B82C7D}"
EndProject
Project("{9A19103F-16F7-4668-BE54-9A1E7A4F7556}") = "Xigadee.Azure.ApiManagement", "Xigadee.Azure.ApiManagement\Xigadee.Azure.ApiManagement.csproj", "{A52DB3CB-DF02-44F2-A002-25A25ADB24BD}"
EndProject
Project("{9A19103F-16F7-4668-BE54-9A1E7A4F7556}") = "Test.Xigadee.Azure.ServiceBus", "Test\Test.Xigadee.Azure.ServiceBus\Test.Xigadee.Azure.ServiceBus.csproj", "{6B12BD4C-B613-4D34-8417-96238F76A3B4}"
EndProject
Project("{9A19103F-16F7-4668-BE54-9A1E7A4F7556}") = "Test.Xigadee.Azure.Storage", "Test.Xigadee.Azure.Storage\Test.Xigadee.Azure.Storage.csproj", "{9E97DE10-A94A-486C-9A05-4407975A1301}"
EndProject
Project("{9A19103F-16F7-4668-BE54-9A1E7A4F7556}") = "Test.Xigadee.Azure.KeyVault", "Test.Xigadee.Azure.KeyVault\Test.Xigadee.Azure.KeyVault.csproj", "{A3906C23-E5FB-43EA-B7EE-44E08322E336}"
EndProject
Project("{9A19103F-16F7-4668-BE54-9A1E7A4F7556}") = "PiO.Console", "PiO.Console\PiO.Console.csproj", "{FD9818A5-882B-4023-94BE-5F9E8F700BFF}"
EndProject
Project("{9A19103F-16F7-4668-BE54-9A1E7A4F7556}") = "PiOStubSender", "PiOStubSender\PiOStubSender.csproj", "{987BEFAA-4A1A-485E-8DC6-B2D50AD7E190}"
EndProject
Project("{9A19103F-16F7-4668-BE54-9A1E7A4F7556}") = "Xigadee.AspNetCore", "Xigadee.AspNetCore\Xigadee.AspNetCore.csproj", "{B683B9FC-FDE3-4228-A98E-926B4D4AA86C}"
EndProject
Project("{9A19103F-16F7-4668-BE54-9A1E7A4F7556}") = "Test.Xigadee.AspNetCore", "Test.Xigadee.AspNetCore\Test.Xigadee.AspNetCore.csproj", "{320A3E2C-EAD5-4DA3-9154-5C127D41ACA7}"
EndProject
Project("{9A19103F-16F7-4668-BE54-9A1E7A4F7556}") = "Xigadee.Abstractions", "Xigadee.Abstractions\Xigadee.Abstractions.csproj", "{B26E866D-8E1F-42E2-ADE6-80937734FB48}"
EndProject
Global
	GlobalSection(SolutionConfigurationPlatforms) = preSolution
		Debug|Any CPU = Debug|Any CPU
		Release|Any CPU = Release|Any CPU
	EndGlobalSection
	GlobalSection(ProjectConfigurationPlatforms) = postSolution
		{069F5121-BC8E-4F1F-B08C-BA3F4806DB78}.Debug|Any CPU.ActiveCfg = Debug|Any CPU
		{069F5121-BC8E-4F1F-B08C-BA3F4806DB78}.Debug|Any CPU.Build.0 = Debug|Any CPU
		{069F5121-BC8E-4F1F-B08C-BA3F4806DB78}.Release|Any CPU.ActiveCfg = Release|Any CPU
		{069F5121-BC8E-4F1F-B08C-BA3F4806DB78}.Release|Any CPU.Build.0 = Release|Any CPU
		{AF748540-D35C-409A-AD23-D990CF19DED9}.Debug|Any CPU.ActiveCfg = Debug|Any CPU
		{AF748540-D35C-409A-AD23-D990CF19DED9}.Debug|Any CPU.Build.0 = Debug|Any CPU
		{AF748540-D35C-409A-AD23-D990CF19DED9}.Release|Any CPU.ActiveCfg = Release|Any CPU
		{AF748540-D35C-409A-AD23-D990CF19DED9}.Release|Any CPU.Build.0 = Release|Any CPU
		{9680B7A6-F4B7-4ECB-BBB4-D46941B9CFED}.Debug|Any CPU.ActiveCfg = Debug|Any CPU
		{9680B7A6-F4B7-4ECB-BBB4-D46941B9CFED}.Debug|Any CPU.Build.0 = Debug|Any CPU
		{9680B7A6-F4B7-4ECB-BBB4-D46941B9CFED}.Release|Any CPU.ActiveCfg = Release|Any CPU
		{9680B7A6-F4B7-4ECB-BBB4-D46941B9CFED}.Release|Any CPU.Build.0 = Release|Any CPU
		{19F45B9B-5C21-4EC3-AE73-84001EBCCC4B}.Debug|Any CPU.ActiveCfg = Debug|Any CPU
		{19F45B9B-5C21-4EC3-AE73-84001EBCCC4B}.Debug|Any CPU.Build.0 = Debug|Any CPU
		{19F45B9B-5C21-4EC3-AE73-84001EBCCC4B}.Release|Any CPU.ActiveCfg = Release|Any CPU
		{19F45B9B-5C21-4EC3-AE73-84001EBCCC4B}.Release|Any CPU.Build.0 = Release|Any CPU
		{C39CD117-3863-4E8C-9BD0-043E5F1FB67C}.Debug|Any CPU.ActiveCfg = Debug|Any CPU
		{C39CD117-3863-4E8C-9BD0-043E5F1FB67C}.Debug|Any CPU.Build.0 = Debug|Any CPU
		{C39CD117-3863-4E8C-9BD0-043E5F1FB67C}.Release|Any CPU.ActiveCfg = Release|Any CPU
		{C39CD117-3863-4E8C-9BD0-043E5F1FB67C}.Release|Any CPU.Build.0 = Release|Any CPU
		{AF9B61BA-6A9C-4BD3-A87A-FB513188F21F}.Debug|Any CPU.ActiveCfg = Debug|Any CPU
		{AF9B61BA-6A9C-4BD3-A87A-FB513188F21F}.Debug|Any CPU.Build.0 = Debug|Any CPU
		{AF9B61BA-6A9C-4BD3-A87A-FB513188F21F}.Release|Any CPU.ActiveCfg = Release|Any CPU
		{AF9B61BA-6A9C-4BD3-A87A-FB513188F21F}.Release|Any CPU.Build.0 = Release|Any CPU
		{636956F9-6CCE-4F3E-BE57-5A851C089243}.Debug|Any CPU.ActiveCfg = Debug|Any CPU
		{636956F9-6CCE-4F3E-BE57-5A851C089243}.Debug|Any CPU.Build.0 = Debug|Any CPU
		{636956F9-6CCE-4F3E-BE57-5A851C089243}.Release|Any CPU.ActiveCfg = Release|Any CPU
		{636956F9-6CCE-4F3E-BE57-5A851C089243}.Release|Any CPU.Build.0 = Release|Any CPU
		{C66F3869-118D-4962-A904-4359E396AEB7}.Debug|Any CPU.ActiveCfg = Debug|Any CPU
		{C66F3869-118D-4962-A904-4359E396AEB7}.Release|Any CPU.ActiveCfg = Release|Any CPU
		{C66F3869-118D-4962-A904-4359E396AEB7}.Release|Any CPU.Build.0 = Release|Any CPU
		{C66F3869-118D-4962-A904-4359E396AEB7}.Release|Any CPU.Deploy.0 = Release|Any CPU
		{C523008A-BAF6-418D-8822-48E0820A427D}.Debug|Any CPU.ActiveCfg = Debug|Any CPU
		{C523008A-BAF6-418D-8822-48E0820A427D}.Debug|Any CPU.Build.0 = Debug|Any CPU
		{C523008A-BAF6-418D-8822-48E0820A427D}.Release|Any CPU.ActiveCfg = Release|Any CPU
		{C523008A-BAF6-418D-8822-48E0820A427D}.Release|Any CPU.Build.0 = Release|Any CPU
		{D10589C2-5487-4860-A756-292946D5AE9B}.Debug|Any CPU.ActiveCfg = Debug|Any CPU
		{D10589C2-5487-4860-A756-292946D5AE9B}.Debug|Any CPU.Build.0 = Debug|Any CPU
		{D10589C2-5487-4860-A756-292946D5AE9B}.Release|Any CPU.ActiveCfg = Release|Any CPU
		{D10589C2-5487-4860-A756-292946D5AE9B}.Release|Any CPU.Build.0 = Release|Any CPU
		{3C7D695D-4111-499E-9764-6B9E6EC93952}.Debug|Any CPU.ActiveCfg = Debug|Any CPU
		{3C7D695D-4111-499E-9764-6B9E6EC93952}.Debug|Any CPU.Build.0 = Debug|Any CPU
		{3C7D695D-4111-499E-9764-6B9E6EC93952}.Release|Any CPU.ActiveCfg = Release|Any CPU
		{3C7D695D-4111-499E-9764-6B9E6EC93952}.Release|Any CPU.Build.0 = Release|Any CPU
		{9CA85091-9308-44B5-A99E-EF6E579C286B}.Debug|Any CPU.ActiveCfg = Debug|Any CPU
		{9CA85091-9308-44B5-A99E-EF6E579C286B}.Debug|Any CPU.Build.0 = Debug|Any CPU
		{9CA85091-9308-44B5-A99E-EF6E579C286B}.Release|Any CPU.ActiveCfg = Release|Any CPU
		{9CA85091-9308-44B5-A99E-EF6E579C286B}.Release|Any CPU.Build.0 = Release|Any CPU
		{F81F3402-897C-40AE-832C-7EF1000D2595}.Debug|Any CPU.ActiveCfg = Debug|Any CPU
		{F81F3402-897C-40AE-832C-7EF1000D2595}.Debug|Any CPU.Build.0 = Debug|Any CPU
		{F81F3402-897C-40AE-832C-7EF1000D2595}.Release|Any CPU.ActiveCfg = Release|Any CPU
		{F81F3402-897C-40AE-832C-7EF1000D2595}.Release|Any CPU.Build.0 = Release|Any CPU
		{24A970DC-3FB0-4541-9ADB-175F04D64B53}.Debug|Any CPU.ActiveCfg = Debug|Any CPU
		{24A970DC-3FB0-4541-9ADB-175F04D64B53}.Debug|Any CPU.Build.0 = Debug|Any CPU
		{24A970DC-3FB0-4541-9ADB-175F04D64B53}.Release|Any CPU.ActiveCfg = Release|Any CPU
		{24A970DC-3FB0-4541-9ADB-175F04D64B53}.Release|Any CPU.Build.0 = Release|Any CPU
		{6AA8F0E5-AB72-4DF5-BD02-A23FBD8FDB83}.Debug|Any CPU.ActiveCfg = Debug|Any CPU
		{6AA8F0E5-AB72-4DF5-BD02-A23FBD8FDB83}.Debug|Any CPU.Build.0 = Debug|Any CPU
		{6AA8F0E5-AB72-4DF5-BD02-A23FBD8FDB83}.Release|Any CPU.ActiveCfg = Release|Any CPU
		{6AA8F0E5-AB72-4DF5-BD02-A23FBD8FDB83}.Release|Any CPU.Build.0 = Release|Any CPU
		{56C95EF0-627C-4C78-B516-B856A83FB4D4}.Debug|Any CPU.ActiveCfg = Debug|Any CPU
		{56C95EF0-627C-4C78-B516-B856A83FB4D4}.Debug|Any CPU.Build.0 = Debug|Any CPU
		{56C95EF0-627C-4C78-B516-B856A83FB4D4}.Release|Any CPU.ActiveCfg = Release|Any CPU
		{56C95EF0-627C-4C78-B516-B856A83FB4D4}.Release|Any CPU.Build.0 = Release|Any CPU
		{1ADF4FE0-B46C-4BBF-9C23-9CE6F4DF2DA3}.Debug|Any CPU.ActiveCfg = Debug|Any CPU
		{1ADF4FE0-B46C-4BBF-9C23-9CE6F4DF2DA3}.Debug|Any CPU.Build.0 = Debug|Any CPU
		{1ADF4FE0-B46C-4BBF-9C23-9CE6F4DF2DA3}.Release|Any CPU.ActiveCfg = Release|Any CPU
		{1ADF4FE0-B46C-4BBF-9C23-9CE6F4DF2DA3}.Release|Any CPU.Build.0 = Release|Any CPU
		{862141C9-C3EF-4BE4-B324-0943F8D6DA53}.Debug|Any CPU.ActiveCfg = Debug|Any CPU
		{862141C9-C3EF-4BE4-B324-0943F8D6DA53}.Debug|Any CPU.Build.0 = Debug|Any CPU
		{862141C9-C3EF-4BE4-B324-0943F8D6DA53}.Release|Any CPU.ActiveCfg = Release|Any CPU
		{862141C9-C3EF-4BE4-B324-0943F8D6DA53}.Release|Any CPU.Build.0 = Release|Any CPU
		{91381A5F-26CB-4E03-9A76-938932649F4A}.Debug|Any CPU.ActiveCfg = Debug|Any CPU
		{91381A5F-26CB-4E03-9A76-938932649F4A}.Debug|Any CPU.Build.0 = Debug|Any CPU
		{91381A5F-26CB-4E03-9A76-938932649F4A}.Release|Any CPU.ActiveCfg = Release|Any CPU
		{91381A5F-26CB-4E03-9A76-938932649F4A}.Release|Any CPU.Build.0 = Release|Any CPU
		{0916DF44-F8DC-47B7-ABC7-A429DB2786FC}.Debug|Any CPU.ActiveCfg = Debug|Any CPU
		{0916DF44-F8DC-47B7-ABC7-A429DB2786FC}.Debug|Any CPU.Build.0 = Debug|Any CPU
		{0916DF44-F8DC-47B7-ABC7-A429DB2786FC}.Release|Any CPU.ActiveCfg = Release|Any CPU
		{0916DF44-F8DC-47B7-ABC7-A429DB2786FC}.Release|Any CPU.Build.0 = Release|Any CPU
		{8A7FDF26-E895-4E32-ABB4-34FBEEA820C7}.Debug|Any CPU.ActiveCfg = Debug|Any CPU
		{8A7FDF26-E895-4E32-ABB4-34FBEEA820C7}.Debug|Any CPU.Build.0 = Debug|Any CPU
		{8A7FDF26-E895-4E32-ABB4-34FBEEA820C7}.Release|Any CPU.ActiveCfg = Release|Any CPU
		{8A7FDF26-E895-4E32-ABB4-34FBEEA820C7}.Release|Any CPU.Build.0 = Release|Any CPU
		{8D441A60-9272-4707-984C-94BFC3A3567D}.Debug|Any CPU.ActiveCfg = Debug|Any CPU
		{8D441A60-9272-4707-984C-94BFC3A3567D}.Debug|Any CPU.Build.0 = Debug|Any CPU
		{8D441A60-9272-4707-984C-94BFC3A3567D}.Release|Any CPU.ActiveCfg = Release|Any CPU
		{8D441A60-9272-4707-984C-94BFC3A3567D}.Release|Any CPU.Build.0 = Release|Any CPU
		{ED2B90BD-2CA0-4721-ABCF-757C76ABDDAD}.Debug|Any CPU.ActiveCfg = Debug|Any CPU
		{ED2B90BD-2CA0-4721-ABCF-757C76ABDDAD}.Debug|Any CPU.Build.0 = Debug|Any CPU
		{ED2B90BD-2CA0-4721-ABCF-757C76ABDDAD}.Release|Any CPU.ActiveCfg = Release|Any CPU
		{ED2B90BD-2CA0-4721-ABCF-757C76ABDDAD}.Release|Any CPU.Build.0 = Release|Any CPU
		{B9D32889-E123-4437-A6D4-4038619AFDDF}.Debug|Any CPU.ActiveCfg = Debug|Any CPU
		{B9D32889-E123-4437-A6D4-4038619AFDDF}.Debug|Any CPU.Build.0 = Debug|Any CPU
		{B9D32889-E123-4437-A6D4-4038619AFDDF}.Release|Any CPU.ActiveCfg = Release|Any CPU
		{B9D32889-E123-4437-A6D4-4038619AFDDF}.Release|Any CPU.Build.0 = Release|Any CPU
		{8DD223AE-7EB5-4815-87FA-35916500D8F4}.Debug|Any CPU.ActiveCfg = Debug|Any CPU
		{8DD223AE-7EB5-4815-87FA-35916500D8F4}.Debug|Any CPU.Build.0 = Debug|Any CPU
		{8DD223AE-7EB5-4815-87FA-35916500D8F4}.Release|Any CPU.ActiveCfg = Release|Any CPU
		{8DD223AE-7EB5-4815-87FA-35916500D8F4}.Release|Any CPU.Build.0 = Release|Any CPU
		{91F496D4-F6B1-4435-9855-E00AF751A150}.Debug|Any CPU.ActiveCfg = Debug|Any CPU
		{91F496D4-F6B1-4435-9855-E00AF751A150}.Debug|Any CPU.Build.0 = Debug|Any CPU
		{91F496D4-F6B1-4435-9855-E00AF751A150}.Release|Any CPU.ActiveCfg = Release|Any CPU
		{91F496D4-F6B1-4435-9855-E00AF751A150}.Release|Any CPU.Build.0 = Release|Any CPU
		{B8BE19A1-3544-42F9-BFCD-906024B82C7D}.Debug|Any CPU.ActiveCfg = Debug|Any CPU
		{B8BE19A1-3544-42F9-BFCD-906024B82C7D}.Debug|Any CPU.Build.0 = Debug|Any CPU
		{B8BE19A1-3544-42F9-BFCD-906024B82C7D}.Release|Any CPU.ActiveCfg = Release|Any CPU
		{B8BE19A1-3544-42F9-BFCD-906024B82C7D}.Release|Any CPU.Build.0 = Release|Any CPU
		{A52DB3CB-DF02-44F2-A002-25A25ADB24BD}.Debug|Any CPU.ActiveCfg = Debug|Any CPU
		{A52DB3CB-DF02-44F2-A002-25A25ADB24BD}.Debug|Any CPU.Build.0 = Debug|Any CPU
		{A52DB3CB-DF02-44F2-A002-25A25ADB24BD}.Release|Any CPU.ActiveCfg = Release|Any CPU
		{A52DB3CB-DF02-44F2-A002-25A25ADB24BD}.Release|Any CPU.Build.0 = Release|Any CPU
		{6B12BD4C-B613-4D34-8417-96238F76A3B4}.Debug|Any CPU.ActiveCfg = Debug|Any CPU
		{6B12BD4C-B613-4D34-8417-96238F76A3B4}.Debug|Any CPU.Build.0 = Debug|Any CPU
		{6B12BD4C-B613-4D34-8417-96238F76A3B4}.Release|Any CPU.ActiveCfg = Release|Any CPU
		{6B12BD4C-B613-4D34-8417-96238F76A3B4}.Release|Any CPU.Build.0 = Release|Any CPU
		{9E97DE10-A94A-486C-9A05-4407975A1301}.Debug|Any CPU.ActiveCfg = Debug|Any CPU
		{9E97DE10-A94A-486C-9A05-4407975A1301}.Debug|Any CPU.Build.0 = Debug|Any CPU
		{9E97DE10-A94A-486C-9A05-4407975A1301}.Release|Any CPU.ActiveCfg = Release|Any CPU
		{9E97DE10-A94A-486C-9A05-4407975A1301}.Release|Any CPU.Build.0 = Release|Any CPU
		{A3906C23-E5FB-43EA-B7EE-44E08322E336}.Debug|Any CPU.ActiveCfg = Debug|Any CPU
		{A3906C23-E5FB-43EA-B7EE-44E08322E336}.Debug|Any CPU.Build.0 = Debug|Any CPU
		{A3906C23-E5FB-43EA-B7EE-44E08322E336}.Release|Any CPU.ActiveCfg = Release|Any CPU
		{A3906C23-E5FB-43EA-B7EE-44E08322E336}.Release|Any CPU.Build.0 = Release|Any CPU
		{FD9818A5-882B-4023-94BE-5F9E8F700BFF}.Debug|Any CPU.ActiveCfg = Debug|Any CPU
		{FD9818A5-882B-4023-94BE-5F9E8F700BFF}.Debug|Any CPU.Build.0 = Debug|Any CPU
		{FD9818A5-882B-4023-94BE-5F9E8F700BFF}.Release|Any CPU.ActiveCfg = Release|Any CPU
		{FD9818A5-882B-4023-94BE-5F9E8F700BFF}.Release|Any CPU.Build.0 = Release|Any CPU
		{987BEFAA-4A1A-485E-8DC6-B2D50AD7E190}.Debug|Any CPU.ActiveCfg = Debug|Any CPU
		{987BEFAA-4A1A-485E-8DC6-B2D50AD7E190}.Debug|Any CPU.Build.0 = Debug|Any CPU
		{987BEFAA-4A1A-485E-8DC6-B2D50AD7E190}.Release|Any CPU.ActiveCfg = Release|Any CPU
		{987BEFAA-4A1A-485E-8DC6-B2D50AD7E190}.Release|Any CPU.Build.0 = Release|Any CPU
		{B683B9FC-FDE3-4228-A98E-926B4D4AA86C}.Debug|Any CPU.ActiveCfg = Debug|Any CPU
		{B683B9FC-FDE3-4228-A98E-926B4D4AA86C}.Debug|Any CPU.Build.0 = Debug|Any CPU
		{B683B9FC-FDE3-4228-A98E-926B4D4AA86C}.Release|Any CPU.ActiveCfg = Release|Any CPU
		{B683B9FC-FDE3-4228-A98E-926B4D4AA86C}.Release|Any CPU.Build.0 = Release|Any CPU
		{320A3E2C-EAD5-4DA3-9154-5C127D41ACA7}.Debug|Any CPU.ActiveCfg = Debug|Any CPU
		{320A3E2C-EAD5-4DA3-9154-5C127D41ACA7}.Debug|Any CPU.Build.0 = Debug|Any CPU
		{320A3E2C-EAD5-4DA3-9154-5C127D41ACA7}.Release|Any CPU.ActiveCfg = Release|Any CPU
		{320A3E2C-EAD5-4DA3-9154-5C127D41ACA7}.Release|Any CPU.Build.0 = Release|Any CPU
		{B26E866D-8E1F-42E2-ADE6-80937734FB48}.Debug|Any CPU.ActiveCfg = Debug|Any CPU
		{B26E866D-8E1F-42E2-ADE6-80937734FB48}.Debug|Any CPU.Build.0 = Debug|Any CPU
		{B26E866D-8E1F-42E2-ADE6-80937734FB48}.Release|Any CPU.ActiveCfg = Release|Any CPU
		{B26E866D-8E1F-42E2-ADE6-80937734FB48}.Release|Any CPU.Build.0 = Release|Any CPU
	EndGlobalSection
	GlobalSection(SolutionProperties) = preSolution
		HideSolutionNode = FALSE
	EndGlobalSection
	GlobalSection(NestedProjects) = preSolution
		{C66F3869-118D-4962-A904-4359E396AEB7} = {8A962CE2-CA28-441A-B6BE-F688E62A6AF8}
		{C523008A-BAF6-418D-8822-48E0820A427D} = {B8CB3AD9-A9AD-4344-B0BF-905A8AFED071}
		{D10589C2-5487-4860-A756-292946D5AE9B} = {B8CB3AD9-A9AD-4344-B0BF-905A8AFED071}
		{3C7D695D-4111-499E-9764-6B9E6EC93952} = {B8CB3AD9-A9AD-4344-B0BF-905A8AFED071}
		{9CA85091-9308-44B5-A99E-EF6E579C286B} = {B8CB3AD9-A9AD-4344-B0BF-905A8AFED071}
		{F81F3402-897C-40AE-832C-7EF1000D2595} = {B8CB3AD9-A9AD-4344-B0BF-905A8AFED071}
		{24A970DC-3FB0-4541-9ADB-175F04D64B53} = {B8CB3AD9-A9AD-4344-B0BF-905A8AFED071}
		{6AA8F0E5-AB72-4DF5-BD02-A23FBD8FDB83} = {B8CB3AD9-A9AD-4344-B0BF-905A8AFED071}
		{1ADF4FE0-B46C-4BBF-9C23-9CE6F4DF2DA3} = {B8CB3AD9-A9AD-4344-B0BF-905A8AFED071}
		{91381A5F-26CB-4E03-9A76-938932649F4A} = {147BDD3C-B68D-4D13-912C-240F23DD1C91}
		{0916DF44-F8DC-47B7-ABC7-A429DB2786FC} = {147BDD3C-B68D-4D13-912C-240F23DD1C91}
		{6B12BD4C-B613-4D34-8417-96238F76A3B4} = {B8CB3AD9-A9AD-4344-B0BF-905A8AFED071}
		{9E97DE10-A94A-486C-9A05-4407975A1301} = {B8CB3AD9-A9AD-4344-B0BF-905A8AFED071}
		{A3906C23-E5FB-43EA-B7EE-44E08322E336} = {B8CB3AD9-A9AD-4344-B0BF-905A8AFED071}
		{FD9818A5-882B-4023-94BE-5F9E8F700BFF} = {147BDD3C-B68D-4D13-912C-240F23DD1C91}
		{987BEFAA-4A1A-485E-8DC6-B2D50AD7E190} = {147BDD3C-B68D-4D13-912C-240F23DD1C91}
		{320A3E2C-EAD5-4DA3-9154-5C127D41ACA7} = {B8CB3AD9-A9AD-4344-B0BF-905A8AFED071}
	EndGlobalSection
	GlobalSection(ExtensibilityGlobals) = postSolution
		SolutionGuid = {8BF7561D-7A94-4B22-B0EB-D82D95B110DE}
		EnterpriseLibraryConfigurationToolBinariesPathV6 = packages\EnterpriseLibrary.TransientFaultHandling.6.0.1304.0\lib\portable-net45+win+wp8
	EndGlobalSection
EndGlobal
