
Microsoft Visual Studio Solution File, Format Version 12.00
# Visual Studio Version 16
VisualStudioVersion = 16.0.28527.54
MinimumVisualStudioVersion = 10.0.40219.1
Project("{9A19103F-16F7-4668-BE54-9A1E7A4F7556}") = "Xigadee.Console", "Xigadee.Console\Xigadee.Console.csproj", "{AF748540-D35C-409A-AD23-D990CF19DED9}"
EndProject
Project("{2150E333-8FDC-42A3-9474-1A3956D46DE8}") = "Tests", "Tests", "{B8CB3AD9-A9AD-4344-B0BF-905A8AFED071}"
EndProject
Project("{2150E333-8FDC-42A3-9474-1A3956D46DE8}") = "_system", "_system", "{35D469E5-1A0F-42E7-A51C-3B9A966CEF1E}"
	ProjectSection(SolutionItems) = preProject
		AssemblyInfo\SharedAssemblyInfo.cs = AssemblyInfo\SharedAssemblyInfo.cs
		AssemblyInfo\UpdateVersion.ps1 = AssemblyInfo\UpdateVersion.ps1
	EndProjectSection
EndProject
Project("{2150E333-8FDC-42A3-9474-1A3956D46DE8}") = "_docs", "_docs", "{DCA58A2C-4AC0-4978-944C-DC8ABB50DC42}"
	ProjectSection(SolutionItems) = preProject
		..\README.md = ..\README.md
		..\docs\whatsnew.md = ..\docs\whatsnew.md
	EndProjectSection
EndProject
Project("{2150E333-8FDC-42A3-9474-1A3956D46DE8}") = "Samples", "Samples", "{147BDD3C-B68D-4D13-912C-240F23DD1C91}"
EndProject
Project("{9A19103F-16F7-4668-BE54-9A1E7A4F7556}") = "Xigadee", "Xigadee\Xigadee.csproj", "{862141C9-C3EF-4BE4-B324-0943F8D6DA53}"
EndProject
Project("{9A19103F-16F7-4668-BE54-9A1E7A4F7556}") = "Xigadee.Azure.Storage", "Xigadee.Azure.Storage\Xigadee.Azure.Storage.csproj", "{8A7FDF26-E895-4E32-ABB4-34FBEEA820C7}"
EndProject
Project("{9A19103F-16F7-4668-BE54-9A1E7A4F7556}") = "Xigadee.Azure.ServiceBus", "Xigadee.Azure.ServiceBus\Xigadee.Azure.ServiceBus.csproj", "{8D441A60-9272-4707-984C-94BFC3A3567D}"
EndProject
Project("{9A19103F-16F7-4668-BE54-9A1E7A4F7556}") = "Xigadee.Azure.EventHubs", "Xigadee.Azure.EventHubs\Xigadee.Azure.EventHubs.csproj", "{ED2B90BD-2CA0-4721-ABCF-757C76ABDDAD}"
EndProject
Project("{9A19103F-16F7-4668-BE54-9A1E7A4F7556}") = "Xigadee.Azure.DocumentDB", "Xigadee.Azure.DocumentDB\Xigadee.Azure.DocumentDB.csproj", "{B9D32889-E123-4437-A6D4-4038619AFDDF}"
EndProject
Project("{9A19103F-16F7-4668-BE54-9A1E7A4F7556}") = "Xigadee.Azure.ApplicationInsights", "Xigadee.Azure.ApplicationInsights\Xigadee.Azure.ApplicationInsights.csproj", "{8DD223AE-7EB5-4815-87FA-35916500D8F4}"
EndProject
Project("{9A19103F-16F7-4668-BE54-9A1E7A4F7556}") = "Xigadee.Azure.KeyVault", "Xigadee.Azure.KeyVault\Xigadee.Azure.KeyVault.csproj", "{91F496D4-F6B1-4435-9855-E00AF751A150}"
EndProject
Project("{9A19103F-16F7-4668-BE54-9A1E7A4F7556}") = "Xigadee.Azure.Redis", "Xigadee.Azure.Redis\Xigadee.Azure.Redis.csproj", "{B8BE19A1-3544-42F9-BFCD-906024B82C7D}"
EndProject
Project("{9A19103F-16F7-4668-BE54-9A1E7A4F7556}") = "Xigadee.Azure.ApiManagement", "Xigadee.Azure.ApiManagement\Xigadee.Azure.ApiManagement.csproj", "{A52DB3CB-DF02-44F2-A002-25A25ADB24BD}"
EndProject
Project("{9A19103F-16F7-4668-BE54-9A1E7A4F7556}") = "PiO.Console", "PiO.Console\PiO.Console.csproj", "{FD9818A5-882B-4023-94BE-5F9E8F700BFF}"
EndProject
Project("{9A19103F-16F7-4668-BE54-9A1E7A4F7556}") = "PiOStubSender", "PiOStubSender\PiOStubSender.csproj", "{987BEFAA-4A1A-485E-8DC6-B2D50AD7E190}"
EndProject
Project("{9A19103F-16F7-4668-BE54-9A1E7A4F7556}") = "Xigadee.AspNetCore", "Xigadee.AspNetCore\Xigadee.AspNetCore.csproj", "{B683B9FC-FDE3-4228-A98E-926B4D4AA86C}"
EndProject
Project("{9A19103F-16F7-4668-BE54-9A1E7A4F7556}") = "Xigadee.Abstractions", "Xigadee.Abstractions\Xigadee.Abstractions.csproj", "{B26E866D-8E1F-42E2-ADE6-80937734FB48}"
EndProject
Project("{2150E333-8FDC-42A3-9474-1A3956D46DE8}") = "_docs", "_docs", "{AF8EA5A7-CBDC-4402-851A-8292EC951689}"
EndProject
Project("{2150E333-8FDC-42A3-9474-1A3956D46DE8}") = "PiO", "PiO", "{3F79ACF7-014D-4589-919F-FF09A7938BE0}"
EndProject
Project("{2150E333-8FDC-42A3-9474-1A3956D46DE8}") = "Xigadee", "Xigadee", "{C9CE3A96-D185-4E2E-8DFF-756679FA3BE7}"
	ProjectSection(SolutionItems) = preProject
		README.md = README.md
	EndProjectSection
EndProject
Project("{2150E333-8FDC-42A3-9474-1A3956D46DE8}") = "Microsoft.Azure", "Microsoft.Azure", "{BB74DB4E-5BF2-4CA1-8A3A-E64EBD66FD03}"
EndProject
Project("{2150E333-8FDC-42A3-9474-1A3956D46DE8}") = "Tests", "Tests", "{2D95B4DF-5B82-402D-859A-92492C4DCF22}"
EndProject
Project("{9A19103F-16F7-4668-BE54-9A1E7A4F7556}") = "Xigadee.Sql", "Xigadee.Sql\Xigadee.Sql.csproj", "{3DF66B73-6BA9-48E8-AC30-6BEB0689CF78}"
EndProject
Project("{9A19103F-16F7-4668-BE54-9A1E7A4F7556}") = "Tests.Xigadee.Abstractions", "Tests\Tests.Xigadee.Abstractions\Tests.Xigadee.Abstractions.csproj", "{D335BA68-ECC7-44D8-B6A3-8D810260119A}"
EndProject
Project("{9A19103F-16F7-4668-BE54-9A1E7A4F7556}") = "Tests.Xigadee", "Tests\Tests.Xigadee\Tests.Xigadee.csproj", "{954AD464-E0CA-45C4-ACE7-41BA5431A530}"
EndProject
Project("{9A19103F-16F7-4668-BE54-9A1E7A4F7556}") = "Tests.Xigadee.AspNetCore", "Tests\Tests.Xigadee.AspNetCore\Tests.Xigadee.AspNetCore.csproj", "{143AEECD-4674-4042-A485-C02CD2B518AA}"
EndProject
Project("{9A19103F-16F7-4668-BE54-9A1E7A4F7556}") = "Tests.Xigadee.Shared", "Tests\Tests.Xigadee.Shared\Tests.Xigadee.Shared.csproj", "{3F4E5A34-DE57-4BF8-AA33-B291C2E77E1E}"
EndProject
Project("{9A19103F-16F7-4668-BE54-9A1E7A4F7556}") = "Tests.Xigadee.DebugConsole", "Tests\Tests.Xigadee.DebugConsole\Tests.Xigadee.DebugConsole.csproj", "{34AC5130-FAE1-4666-92E1-F226CE85CBA1}"
EndProject
Project("{9A19103F-16F7-4668-BE54-9A1E7A4F7556}") = "Tests.Xigadee.AspNetCore.Server", "Tests\Tests.Xigadee.AspNetCore.Server\Tests.Xigadee.AspNetCore.Server.csproj", "{F2FE28E3-7C2D-452D-8A0A-A28E708D84A9}"
EndProject
Project("{9A19103F-16F7-4668-BE54-9A1E7A4F7556}") = "Tests.Xigadee.Azure", "Azure\Tests.Xigadee.Azure\Tests.Xigadee.Azure.csproj", "{4F22F1C5-2A84-4061-9B70-2FF4B31BEC38}"
EndProject
Project("{9A19103F-16F7-4668-BE54-9A1E7A4F7556}") = "Tests.Xigadee.Azure.Console", "Azure\Tests.Xigadee.Azure.Console\Tests.Xigadee.Azure.Console.csproj", "{15D4B503-2D4A-49B2-9DF7-A6138CE85F00}"
EndProject
Project("{9A19103F-16F7-4668-BE54-9A1E7A4F7556}") = "Tests.Xigadee.Sql", "Tests\Tests.Xigadee.Sql\Tests.Xigadee.Sql.csproj", "{2C1C00E4-232A-4EAD-8136-727AC60AC164}"
EndProject
Global
	GlobalSection(SolutionConfigurationPlatforms) = preSolution
		Debug|Any CPU = Debug|Any CPU
		Release|Any CPU = Release|Any CPU
	EndGlobalSection
	GlobalSection(ProjectConfigurationPlatforms) = postSolution
		{AF748540-D35C-409A-AD23-D990CF19DED9}.Debug|Any CPU.ActiveCfg = Debug|Any CPU
		{AF748540-D35C-409A-AD23-D990CF19DED9}.Debug|Any CPU.Build.0 = Debug|Any CPU
		{AF748540-D35C-409A-AD23-D990CF19DED9}.Release|Any CPU.ActiveCfg = Release|Any CPU
		{AF748540-D35C-409A-AD23-D990CF19DED9}.Release|Any CPU.Build.0 = Release|Any CPU
		{862141C9-C3EF-4BE4-B324-0943F8D6DA53}.Debug|Any CPU.ActiveCfg = Debug|Any CPU
		{862141C9-C3EF-4BE4-B324-0943F8D6DA53}.Debug|Any CPU.Build.0 = Debug|Any CPU
		{862141C9-C3EF-4BE4-B324-0943F8D6DA53}.Release|Any CPU.ActiveCfg = Release|Any CPU
		{862141C9-C3EF-4BE4-B324-0943F8D6DA53}.Release|Any CPU.Build.0 = Release|Any CPU
		{8A7FDF26-E895-4E32-ABB4-34FBEEA820C7}.Debug|Any CPU.ActiveCfg = Debug|Any CPU
		{8A7FDF26-E895-4E32-ABB4-34FBEEA820C7}.Debug|Any CPU.Build.0 = Debug|Any CPU
		{8A7FDF26-E895-4E32-ABB4-34FBEEA820C7}.Release|Any CPU.ActiveCfg = Release|Any CPU
		{8A7FDF26-E895-4E32-ABB4-34FBEEA820C7}.Release|Any CPU.Build.0 = Release|Any CPU
		{8D441A60-9272-4707-984C-94BFC3A3567D}.Debug|Any CPU.ActiveCfg = Debug|Any CPU
		{8D441A60-9272-4707-984C-94BFC3A3567D}.Debug|Any CPU.Build.0 = Debug|Any CPU
		{8D441A60-9272-4707-984C-94BFC3A3567D}.Release|Any CPU.ActiveCfg = Release|Any CPU
		{8D441A60-9272-4707-984C-94BFC3A3567D}.Release|Any CPU.Build.0 = Release|Any CPU
		{ED2B90BD-2CA0-4721-ABCF-757C76ABDDAD}.Debug|Any CPU.ActiveCfg = Debug|Any CPU
		{ED2B90BD-2CA0-4721-ABCF-757C76ABDDAD}.Debug|Any CPU.Build.0 = Debug|Any CPU
		{ED2B90BD-2CA0-4721-ABCF-757C76ABDDAD}.Release|Any CPU.ActiveCfg = Release|Any CPU
		{ED2B90BD-2CA0-4721-ABCF-757C76ABDDAD}.Release|Any CPU.Build.0 = Release|Any CPU
		{B9D32889-E123-4437-A6D4-4038619AFDDF}.Debug|Any CPU.ActiveCfg = Debug|Any CPU
		{B9D32889-E123-4437-A6D4-4038619AFDDF}.Debug|Any CPU.Build.0 = Debug|Any CPU
		{B9D32889-E123-4437-A6D4-4038619AFDDF}.Release|Any CPU.ActiveCfg = Release|Any CPU
		{B9D32889-E123-4437-A6D4-4038619AFDDF}.Release|Any CPU.Build.0 = Release|Any CPU
		{8DD223AE-7EB5-4815-87FA-35916500D8F4}.Debug|Any CPU.ActiveCfg = Debug|Any CPU
		{8DD223AE-7EB5-4815-87FA-35916500D8F4}.Debug|Any CPU.Build.0 = Debug|Any CPU
		{8DD223AE-7EB5-4815-87FA-35916500D8F4}.Release|Any CPU.ActiveCfg = Release|Any CPU
		{8DD223AE-7EB5-4815-87FA-35916500D8F4}.Release|Any CPU.Build.0 = Release|Any CPU
		{91F496D4-F6B1-4435-9855-E00AF751A150}.Debug|Any CPU.ActiveCfg = Debug|Any CPU
		{91F496D4-F6B1-4435-9855-E00AF751A150}.Debug|Any CPU.Build.0 = Debug|Any CPU
		{91F496D4-F6B1-4435-9855-E00AF751A150}.Release|Any CPU.ActiveCfg = Release|Any CPU
		{91F496D4-F6B1-4435-9855-E00AF751A150}.Release|Any CPU.Build.0 = Release|Any CPU
		{B8BE19A1-3544-42F9-BFCD-906024B82C7D}.Debug|Any CPU.ActiveCfg = Debug|Any CPU
		{B8BE19A1-3544-42F9-BFCD-906024B82C7D}.Debug|Any CPU.Build.0 = Debug|Any CPU
		{B8BE19A1-3544-42F9-BFCD-906024B82C7D}.Release|Any CPU.ActiveCfg = Release|Any CPU
		{B8BE19A1-3544-42F9-BFCD-906024B82C7D}.Release|Any CPU.Build.0 = Release|Any CPU
		{A52DB3CB-DF02-44F2-A002-25A25ADB24BD}.Debug|Any CPU.ActiveCfg = Debug|Any CPU
		{A52DB3CB-DF02-44F2-A002-25A25ADB24BD}.Debug|Any CPU.Build.0 = Debug|Any CPU
		{A52DB3CB-DF02-44F2-A002-25A25ADB24BD}.Release|Any CPU.ActiveCfg = Release|Any CPU
		{A52DB3CB-DF02-44F2-A002-25A25ADB24BD}.Release|Any CPU.Build.0 = Release|Any CPU
		{FD9818A5-882B-4023-94BE-5F9E8F700BFF}.Debug|Any CPU.ActiveCfg = Debug|Any CPU
		{FD9818A5-882B-4023-94BE-5F9E8F700BFF}.Debug|Any CPU.Build.0 = Debug|Any CPU
		{FD9818A5-882B-4023-94BE-5F9E8F700BFF}.Release|Any CPU.ActiveCfg = Release|Any CPU
		{FD9818A5-882B-4023-94BE-5F9E8F700BFF}.Release|Any CPU.Build.0 = Release|Any CPU
		{987BEFAA-4A1A-485E-8DC6-B2D50AD7E190}.Debug|Any CPU.ActiveCfg = Debug|Any CPU
		{987BEFAA-4A1A-485E-8DC6-B2D50AD7E190}.Debug|Any CPU.Build.0 = Debug|Any CPU
		{987BEFAA-4A1A-485E-8DC6-B2D50AD7E190}.Release|Any CPU.ActiveCfg = Release|Any CPU
		{987BEFAA-4A1A-485E-8DC6-B2D50AD7E190}.Release|Any CPU.Build.0 = Release|Any CPU
		{B683B9FC-FDE3-4228-A98E-926B4D4AA86C}.Debug|Any CPU.ActiveCfg = Debug|Any CPU
		{B683B9FC-FDE3-4228-A98E-926B4D4AA86C}.Debug|Any CPU.Build.0 = Debug|Any CPU
		{B683B9FC-FDE3-4228-A98E-926B4D4AA86C}.Release|Any CPU.ActiveCfg = Release|Any CPU
		{B683B9FC-FDE3-4228-A98E-926B4D4AA86C}.Release|Any CPU.Build.0 = Release|Any CPU
		{B26E866D-8E1F-42E2-ADE6-80937734FB48}.Debug|Any CPU.ActiveCfg = Debug|Any CPU
		{B26E866D-8E1F-42E2-ADE6-80937734FB48}.Debug|Any CPU.Build.0 = Debug|Any CPU
		{B26E866D-8E1F-42E2-ADE6-80937734FB48}.Release|Any CPU.ActiveCfg = Release|Any CPU
		{B26E866D-8E1F-42E2-ADE6-80937734FB48}.Release|Any CPU.Build.0 = Release|Any CPU
		{3DF66B73-6BA9-48E8-AC30-6BEB0689CF78}.Debug|Any CPU.ActiveCfg = Debug|Any CPU
		{3DF66B73-6BA9-48E8-AC30-6BEB0689CF78}.Debug|Any CPU.Build.0 = Debug|Any CPU
		{3DF66B73-6BA9-48E8-AC30-6BEB0689CF78}.Release|Any CPU.ActiveCfg = Release|Any CPU
		{3DF66B73-6BA9-48E8-AC30-6BEB0689CF78}.Release|Any CPU.Build.0 = Release|Any CPU
		{D335BA68-ECC7-44D8-B6A3-8D810260119A}.Debug|Any CPU.ActiveCfg = Debug|Any CPU
		{D335BA68-ECC7-44D8-B6A3-8D810260119A}.Debug|Any CPU.Build.0 = Debug|Any CPU
		{D335BA68-ECC7-44D8-B6A3-8D810260119A}.Release|Any CPU.ActiveCfg = Release|Any CPU
		{D335BA68-ECC7-44D8-B6A3-8D810260119A}.Release|Any CPU.Build.0 = Release|Any CPU
		{954AD464-E0CA-45C4-ACE7-41BA5431A530}.Debug|Any CPU.ActiveCfg = Debug|Any CPU
		{954AD464-E0CA-45C4-ACE7-41BA5431A530}.Debug|Any CPU.Build.0 = Debug|Any CPU
		{954AD464-E0CA-45C4-ACE7-41BA5431A530}.Release|Any CPU.ActiveCfg = Release|Any CPU
		{954AD464-E0CA-45C4-ACE7-41BA5431A530}.Release|Any CPU.Build.0 = Release|Any CPU
		{143AEECD-4674-4042-A485-C02CD2B518AA}.Debug|Any CPU.ActiveCfg = Debug|Any CPU
		{143AEECD-4674-4042-A485-C02CD2B518AA}.Debug|Any CPU.Build.0 = Debug|Any CPU
		{143AEECD-4674-4042-A485-C02CD2B518AA}.Release|Any CPU.ActiveCfg = Release|Any CPU
		{143AEECD-4674-4042-A485-C02CD2B518AA}.Release|Any CPU.Build.0 = Release|Any CPU
		{3F4E5A34-DE57-4BF8-AA33-B291C2E77E1E}.Debug|Any CPU.ActiveCfg = Debug|Any CPU
		{3F4E5A34-DE57-4BF8-AA33-B291C2E77E1E}.Debug|Any CPU.Build.0 = Debug|Any CPU
		{3F4E5A34-DE57-4BF8-AA33-B291C2E77E1E}.Release|Any CPU.ActiveCfg = Release|Any CPU
		{3F4E5A34-DE57-4BF8-AA33-B291C2E77E1E}.Release|Any CPU.Build.0 = Release|Any CPU
		{34AC5130-FAE1-4666-92E1-F226CE85CBA1}.Debug|Any CPU.ActiveCfg = Debug|Any CPU
		{34AC5130-FAE1-4666-92E1-F226CE85CBA1}.Debug|Any CPU.Build.0 = Debug|Any CPU
		{34AC5130-FAE1-4666-92E1-F226CE85CBA1}.Release|Any CPU.ActiveCfg = Release|Any CPU
		{34AC5130-FAE1-4666-92E1-F226CE85CBA1}.Release|Any CPU.Build.0 = Release|Any CPU
		{F2FE28E3-7C2D-452D-8A0A-A28E708D84A9}.Debug|Any CPU.ActiveCfg = Debug|Any CPU
		{F2FE28E3-7C2D-452D-8A0A-A28E708D84A9}.Debug|Any CPU.Build.0 = Debug|Any CPU
		{F2FE28E3-7C2D-452D-8A0A-A28E708D84A9}.Release|Any CPU.ActiveCfg = Release|Any CPU
		{F2FE28E3-7C2D-452D-8A0A-A28E708D84A9}.Release|Any CPU.Build.0 = Release|Any CPU
		{4F22F1C5-2A84-4061-9B70-2FF4B31BEC38}.Debug|Any CPU.ActiveCfg = Debug|Any CPU
		{4F22F1C5-2A84-4061-9B70-2FF4B31BEC38}.Debug|Any CPU.Build.0 = Debug|Any CPU
		{4F22F1C5-2A84-4061-9B70-2FF4B31BEC38}.Release|Any CPU.ActiveCfg = Release|Any CPU
		{4F22F1C5-2A84-4061-9B70-2FF4B31BEC38}.Release|Any CPU.Build.0 = Release|Any CPU
		{15D4B503-2D4A-49B2-9DF7-A6138CE85F00}.Debug|Any CPU.ActiveCfg = Debug|Any CPU
		{15D4B503-2D4A-49B2-9DF7-A6138CE85F00}.Debug|Any CPU.Build.0 = Debug|Any CPU
		{15D4B503-2D4A-49B2-9DF7-A6138CE85F00}.Release|Any CPU.ActiveCfg = Release|Any CPU
		{15D4B503-2D4A-49B2-9DF7-A6138CE85F00}.Release|Any CPU.Build.0 = Release|Any CPU
		{2C1C00E4-232A-4EAD-8136-727AC60AC164}.Debug|Any CPU.ActiveCfg = Debug|Any CPU
		{2C1C00E4-232A-4EAD-8136-727AC60AC164}.Debug|Any CPU.Build.0 = Debug|Any CPU
		{2C1C00E4-232A-4EAD-8136-727AC60AC164}.Release|Any CPU.ActiveCfg = Release|Any CPU
		{2C1C00E4-232A-4EAD-8136-727AC60AC164}.Release|Any CPU.Build.0 = Release|Any CPU
	EndGlobalSection
	GlobalSection(SolutionProperties) = preSolution
		HideSolutionNode = FALSE
	EndGlobalSection
	GlobalSection(NestedProjects) = preSolution
		{8A7FDF26-E895-4E32-ABB4-34FBEEA820C7} = {BB74DB4E-5BF2-4CA1-8A3A-E64EBD66FD03}
		{8D441A60-9272-4707-984C-94BFC3A3567D} = {BB74DB4E-5BF2-4CA1-8A3A-E64EBD66FD03}
		{ED2B90BD-2CA0-4721-ABCF-757C76ABDDAD} = {BB74DB4E-5BF2-4CA1-8A3A-E64EBD66FD03}
		{B9D32889-E123-4437-A6D4-4038619AFDDF} = {BB74DB4E-5BF2-4CA1-8A3A-E64EBD66FD03}
		{8DD223AE-7EB5-4815-87FA-35916500D8F4} = {BB74DB4E-5BF2-4CA1-8A3A-E64EBD66FD03}
		{91F496D4-F6B1-4435-9855-E00AF751A150} = {BB74DB4E-5BF2-4CA1-8A3A-E64EBD66FD03}
		{B8BE19A1-3544-42F9-BFCD-906024B82C7D} = {BB74DB4E-5BF2-4CA1-8A3A-E64EBD66FD03}
		{A52DB3CB-DF02-44F2-A002-25A25ADB24BD} = {BB74DB4E-5BF2-4CA1-8A3A-E64EBD66FD03}
		{FD9818A5-882B-4023-94BE-5F9E8F700BFF} = {3F79ACF7-014D-4589-919F-FF09A7938BE0}
		{987BEFAA-4A1A-485E-8DC6-B2D50AD7E190} = {3F79ACF7-014D-4589-919F-FF09A7938BE0}
		{AF8EA5A7-CBDC-4402-851A-8292EC951689} = {147BDD3C-B68D-4D13-912C-240F23DD1C91}
		{3F79ACF7-014D-4589-919F-FF09A7938BE0} = {147BDD3C-B68D-4D13-912C-240F23DD1C91}
		{C9CE3A96-D185-4E2E-8DFF-756679FA3BE7} = {DCA58A2C-4AC0-4978-944C-DC8ABB50DC42}
		{2D95B4DF-5B82-402D-859A-92492C4DCF22} = {BB74DB4E-5BF2-4CA1-8A3A-E64EBD66FD03}
		{D335BA68-ECC7-44D8-B6A3-8D810260119A} = {B8CB3AD9-A9AD-4344-B0BF-905A8AFED071}
		{954AD464-E0CA-45C4-ACE7-41BA5431A530} = {B8CB3AD9-A9AD-4344-B0BF-905A8AFED071}
		{143AEECD-4674-4042-A485-C02CD2B518AA} = {B8CB3AD9-A9AD-4344-B0BF-905A8AFED071}
		{3F4E5A34-DE57-4BF8-AA33-B291C2E77E1E} = {B8CB3AD9-A9AD-4344-B0BF-905A8AFED071}
		{34AC5130-FAE1-4666-92E1-F226CE85CBA1} = {B8CB3AD9-A9AD-4344-B0BF-905A8AFED071}
		{F2FE28E3-7C2D-452D-8A0A-A28E708D84A9} = {B8CB3AD9-A9AD-4344-B0BF-905A8AFED071}
		{4F22F1C5-2A84-4061-9B70-2FF4B31BEC38} = {2D95B4DF-5B82-402D-859A-92492C4DCF22}
		{15D4B503-2D4A-49B2-9DF7-A6138CE85F00} = {2D95B4DF-5B82-402D-859A-92492C4DCF22}
		{2C1C00E4-232A-4EAD-8136-727AC60AC164} = {B8CB3AD9-A9AD-4344-B0BF-905A8AFED071}
	EndGlobalSection
	GlobalSection(ExtensibilityGlobals) = postSolution
		SolutionGuid = {8BF7561D-7A94-4B22-B0EB-D82D95B110DE}
		EnterpriseLibraryConfigurationToolBinariesPathV6 = packages\EnterpriseLibrary.TransientFaultHandling.6.0.1304.0\lib\portable-net45+win+wp8
	EndGlobalSection
EndGlobal
